// !$*UTF8*$!
{
	archiveVersion = 1;
	classes = {
	};
	objectVersion = 56;
	objects = {

/* Begin PBXBuildFile section */
		0417B7EF29C5FC64002D3F11 /* AppDelegate.swift in Sources */ = {isa = PBXBuildFile; fileRef = 0417B7EE29C5FC64002D3F11 /* AppDelegate.swift */; };
		0417B7F129C5FC64002D3F11 /* SceneDelegate.swift in Sources */ = {isa = PBXBuildFile; fileRef = 0417B7F029C5FC64002D3F11 /* SceneDelegate.swift */; };
		0417B7F329C5FC64002D3F11 /* ConversationsViewController.swift in Sources */ = {isa = PBXBuildFile; fileRef = 0417B7F229C5FC64002D3F11 /* ConversationsViewController.swift */; };
		0417B7F629C5FC64002D3F11 /* Main.storyboard in Resources */ = {isa = PBXBuildFile; fileRef = 0417B7F429C5FC64002D3F11 /* Main.storyboard */; };
		0417B7F829C5FC65002D3F11 /* Assets.xcassets in Resources */ = {isa = PBXBuildFile; fileRef = 0417B7F729C5FC65002D3F11 /* Assets.xcassets */; };
		0417B7FB29C5FC65002D3F11 /* LaunchScreen.storyboard in Resources */ = {isa = PBXBuildFile; fileRef = 0417B7F929C5FC65002D3F11 /* LaunchScreen.storyboard */; };
		0417B80929C5FF4F002D3F11 /* LoginViewController.swift in Sources */ = {isa = PBXBuildFile; fileRef = 0417B80829C5FF4F002D3F11 /* LoginViewController.swift */; };
		0417B80B29C5FF69002D3F11 /* RegisterViewController.swift in Sources */ = {isa = PBXBuildFile; fileRef = 0417B80A29C5FF69002D3F11 /* RegisterViewController.swift */; };
		0417B80D29C5FF96002D3F11 /* PhotoViewerViewController.swift in Sources */ = {isa = PBXBuildFile; fileRef = 0417B80C29C5FF96002D3F11 /* PhotoViewerViewController.swift */; };
		0417B80F29C5FFAD002D3F11 /* VideoPlayerViewController.swift in Sources */ = {isa = PBXBuildFile; fileRef = 0417B80E29C5FFAD002D3F11 /* VideoPlayerViewController.swift */; };
		0417B81129C5FFDF002D3F11 /* NewConversationViewController.swift in Sources */ = {isa = PBXBuildFile; fileRef = 0417B81029C5FFDF002D3F11 /* NewConversationViewController.swift */; };
		0417B81329C60001002D3F11 /* ProfileViewController.swift in Sources */ = {isa = PBXBuildFile; fileRef = 0417B81229C60001002D3F11 /* ProfileViewController.swift */; };
		0417B81929C6F47D002D3F11 /* Extensions.swift in Sources */ = {isa = PBXBuildFile; fileRef = 0417B81829C6F47D002D3F11 /* Extensions.swift */; };
		0463F0942A4AAE6A00B3764D /* ConversationTableViewCell.swift in Sources */ = {isa = PBXBuildFile; fileRef = 0463F0932A4AAE6A00B3764D /* ConversationTableViewCell.swift */; };
		047E2DCB29C826720088BD88 /* MessageKit in Frameworks */ = {isa = PBXBuildFile; productRef = 047E2DCA29C826720088BD88 /* MessageKit */; };
		047E2DCE29C826FB0088BD88 /* JGProgressHUD in Frameworks */ = {isa = PBXBuildFile; productRef = 047E2DCD29C826FB0088BD88 /* JGProgressHUD */; };
		047E2DD129C828B70088BD88 /* Realm in Frameworks */ = {isa = PBXBuildFile; productRef = 047E2DD029C828B70088BD88 /* Realm */; };
		04C26A8C29C722D0002D2826 /* GoogleService-Info.plist in Resources */ = {isa = PBXBuildFile; fileRef = 04C26A8B29C722D0002D2826 /* GoogleService-Info.plist */; };
		04C26A8E29C728D6002D2826 /* DatabaseManager.swift in Sources */ = {isa = PBXBuildFile; fileRef = 04C26A8D29C728D6002D2826 /* DatabaseManager.swift */; };
		04C947AE29E4166A00156C9D /* SDWebImage in Frameworks */ = {isa = PBXBuildFile; productRef = 04C947AD29E4166A00156C9D /* SDWebImage */; };
		04C947B029E41C3200156C9D /* ChatViewController.swift in Sources */ = {isa = PBXBuildFile; fileRef = 04C947AF29E41C3200156C9D /* ChatViewController.swift */; };
		04F71D0229E43D7000FC1B22 /* FirebaseStorage in Frameworks */ = {isa = PBXBuildFile; productRef = 04F71D0129E43D7000FC1B22 /* FirebaseStorage */; };
		04F71D0429E4469000FC1B22 /* StorageManager.swift in Sources */ = {isa = PBXBuildFile; fileRef = 04F71D0329E4469000FC1B22 /* StorageManager.swift */; };
		04FBBC8529C70C86000E3862 /* FirebaseAuth in Frameworks */ = {isa = PBXBuildFile; productRef = 04FBBC8429C70C86000E3862 /* FirebaseAuth */; };
		04FBBC8729C70C86000E3862 /* FirebaseDatabase in Frameworks */ = {isa = PBXBuildFile; productRef = 04FBBC8629C70C86000E3862 /* FirebaseDatabase */; };
/* End PBXBuildFile section */

/* Begin PBXFileReference section */
		0417B7EB29C5FC64002D3F11 /* Messenger.app */ = {isa = PBXFileReference; explicitFileType = wrapper.application; includeInIndex = 0; path = Messenger.app; sourceTree = BUILT_PRODUCTS_DIR; };
		0417B7EE29C5FC64002D3F11 /* AppDelegate.swift */ = {isa = PBXFileReference; lastKnownFileType = sourcecode.swift; path = AppDelegate.swift; sourceTree = "<group>"; };
		0417B7F029C5FC64002D3F11 /* SceneDelegate.swift */ = {isa = PBXFileReference; lastKnownFileType = sourcecode.swift; path = SceneDelegate.swift; sourceTree = "<group>"; };
		0417B7F229C5FC64002D3F11 /* ConversationsViewController.swift */ = {isa = PBXFileReference; lastKnownFileType = sourcecode.swift; path = ConversationsViewController.swift; sourceTree = "<group>"; };
		0417B7F529C5FC64002D3F11 /* Base */ = {isa = PBXFileReference; lastKnownFileType = file.storyboard; name = Base; path = Base.lproj/Main.storyboard; sourceTree = "<group>"; };
		0417B7F729C5FC65002D3F11 /* Assets.xcassets */ = {isa = PBXFileReference; lastKnownFileType = folder.assetcatalog; path = Assets.xcassets; sourceTree = "<group>"; };
		0417B7FA29C5FC65002D3F11 /* Base */ = {isa = PBXFileReference; lastKnownFileType = file.storyboard; name = Base; path = Base.lproj/LaunchScreen.storyboard; sourceTree = "<group>"; };
		0417B7FC29C5FC65002D3F11 /* Info.plist */ = {isa = PBXFileReference; lastKnownFileType = text.plist.xml; path = Info.plist; sourceTree = "<group>"; };
		0417B80829C5FF4F002D3F11 /* LoginViewController.swift */ = {isa = PBXFileReference; lastKnownFileType = sourcecode.swift; path = LoginViewController.swift; sourceTree = "<group>"; };
		0417B80A29C5FF69002D3F11 /* RegisterViewController.swift */ = {isa = PBXFileReference; lastKnownFileType = sourcecode.swift; path = RegisterViewController.swift; sourceTree = "<group>"; };
		0417B80C29C5FF96002D3F11 /* PhotoViewerViewController.swift */ = {isa = PBXFileReference; lastKnownFileType = sourcecode.swift; path = PhotoViewerViewController.swift; sourceTree = "<group>"; };
		0417B80E29C5FFAD002D3F11 /* VideoPlayerViewController.swift */ = {isa = PBXFileReference; lastKnownFileType = sourcecode.swift; path = VideoPlayerViewController.swift; sourceTree = "<group>"; };
		0417B81029C5FFDF002D3F11 /* NewConversationViewController.swift */ = {isa = PBXFileReference; lastKnownFileType = sourcecode.swift; path = NewConversationViewController.swift; sourceTree = "<group>"; };
		0417B81229C60001002D3F11 /* ProfileViewController.swift */ = {isa = PBXFileReference; lastKnownFileType = sourcecode.swift; path = ProfileViewController.swift; sourceTree = "<group>"; };
		0417B81829C6F47D002D3F11 /* Extensions.swift */ = {isa = PBXFileReference; lastKnownFileType = sourcecode.swift; path = Extensions.swift; sourceTree = "<group>"; };
		0463F0932A4AAE6A00B3764D /* ConversationTableViewCell.swift */ = {isa = PBXFileReference; lastKnownFileType = sourcecode.swift; path = ConversationTableViewCell.swift; sourceTree = "<group>"; };
		04C26A8B29C722D0002D2826 /* GoogleService-Info.plist */ = {isa = PBXFileReference; fileEncoding = 4; lastKnownFileType = text.plist.xml; path = "GoogleService-Info.plist"; sourceTree = "<group>"; };
		04C26A8D29C728D6002D2826 /* DatabaseManager.swift */ = {isa = PBXFileReference; lastKnownFileType = sourcecode.swift; path = DatabaseManager.swift; sourceTree = "<group>"; };
		04C947AF29E41C3200156C9D /* ChatViewController.swift */ = {isa = PBXFileReference; lastKnownFileType = sourcecode.swift; path = ChatViewController.swift; sourceTree = "<group>"; };
		04F71D0329E4469000FC1B22 /* StorageManager.swift */ = {isa = PBXFileReference; lastKnownFileType = sourcecode.swift; path = StorageManager.swift; sourceTree = "<group>"; };
/* End PBXFileReference section */

/* Begin PBXFrameworksBuildPhase section */
		0417B7E829C5FC64002D3F11 /* Frameworks */ = {
			isa = PBXFrameworksBuildPhase;
			buildActionMask = 2147483647;
			files = (
				04C947AE29E4166A00156C9D /* SDWebImage in Frameworks */,
				047E2DCE29C826FB0088BD88 /* JGProgressHUD in Frameworks */,
				047E2DCB29C826720088BD88 /* MessageKit in Frameworks */,
				04FBBC8729C70C86000E3862 /* FirebaseDatabase in Frameworks */,
				04F71D0229E43D7000FC1B22 /* FirebaseStorage in Frameworks */,
				04FBBC8529C70C86000E3862 /* FirebaseAuth in Frameworks */,
				047E2DD129C828B70088BD88 /* Realm in Frameworks */,
			);
			runOnlyForDeploymentPostprocessing = 0;
		};
/* End PBXFrameworksBuildPhase section */

/* Begin PBXGroup section */
		0417B7E229C5FC64002D3F11 = {
			isa = PBXGroup;
			children = (
				0417B7ED29C5FC64002D3F11 /* Messenger */,
				0417B7EC29C5FC64002D3F11 /* Products */,
				04F71D0029E43D7000FC1B22 /* Frameworks */,
			);
			sourceTree = "<group>";
		};
		0417B7EC29C5FC64002D3F11 /* Products */ = {
			isa = PBXGroup;
			children = (
				0417B7EB29C5FC64002D3F11 /* Messenger.app */,
			);
			name = Products;
			sourceTree = "<group>";
		};
		0417B7ED29C5FC64002D3F11 /* Messenger */ = {
			isa = PBXGroup;
			children = (
				0417B80629C5FD73002D3F11 /* Resources */,
				0417B80529C5FD66002D3F11 /* ViewModels */,
				0417B80429C5FD5F002D3F11 /* Models */,
				0417B80329C5FD5A002D3F11 /* Views */,
				0417B80229C5FD51002D3F11 /* Controllers */,
				04C26A8B29C722D0002D2826 /* GoogleService-Info.plist */,
				0417B7FC29C5FC65002D3F11 /* Info.plist */,
			);
			path = Messenger;
			sourceTree = "<group>";
		};
		0417B80229C5FD51002D3F11 /* Controllers */ = {
			isa = PBXGroup;
			children = (
				0417B81729C6F214002D3F11 /* Login */,
				0417B7F229C5FC64002D3F11 /* ConversationsViewController.swift */,
				0417B81029C5FFDF002D3F11 /* NewConversationViewController.swift */,
				04C947AF29E41C3200156C9D /* ChatViewController.swift */,
				0417B81229C60001002D3F11 /* ProfileViewController.swift */,
				0417B80C29C5FF96002D3F11 /* PhotoViewerViewController.swift */,
				0417B80E29C5FFAD002D3F11 /* VideoPlayerViewController.swift */,
			);
			path = Controllers;
			sourceTree = "<group>";
		};
		0417B80329C5FD5A002D3F11 /* Views */ = {
			isa = PBXGroup;
			children = (
				0417B80729C5FDAB002D3F11 /* Storyboards */,
				0417B7F729C5FC65002D3F11 /* Assets.xcassets */,
				0463F0932A4AAE6A00B3764D /* ConversationTableViewCell.swift */,
			);
			path = Views;
			sourceTree = "<group>";
		};
		0417B80429C5FD5F002D3F11 /* Models */ = {
			isa = PBXGroup;
			children = (
			);
			path = Models;
			sourceTree = "<group>";
		};
		0417B80529C5FD66002D3F11 /* ViewModels */ = {
			isa = PBXGroup;
			children = (
			);
			path = ViewModels;
			sourceTree = "<group>";
		};
		0417B80629C5FD73002D3F11 /* Resources */ = {
			isa = PBXGroup;
			children = (
				0417B7EE29C5FC64002D3F11 /* AppDelegate.swift */,
				0417B7F029C5FC64002D3F11 /* SceneDelegate.swift */,
				0417B81829C6F47D002D3F11 /* Extensions.swift */,
				04C26A8D29C728D6002D2826 /* DatabaseManager.swift */,
				04F71D0329E4469000FC1B22 /* StorageManager.swift */,
			);
			path = Resources;
			sourceTree = "<group>";
		};
		0417B80729C5FDAB002D3F11 /* Storyboards */ = {
			isa = PBXGroup;
			children = (
				0417B7F429C5FC64002D3F11 /* Main.storyboard */,
				0417B7F929C5FC65002D3F11 /* LaunchScreen.storyboard */,
			);
			path = Storyboards;
			sourceTree = "<group>";
		};
		0417B81729C6F214002D3F11 /* Login */ = {
			isa = PBXGroup;
			children = (
				0417B80829C5FF4F002D3F11 /* LoginViewController.swift */,
				0417B80A29C5FF69002D3F11 /* RegisterViewController.swift */,
			);
			path = Login;
			sourceTree = "<group>";
		};
		04F71D0029E43D7000FC1B22 /* Frameworks */ = {
			isa = PBXGroup;
			children = (
			);
			name = Frameworks;
			sourceTree = "<group>";
		};
/* End PBXGroup section */

/* Begin PBXNativeTarget section */
		0417B7EA29C5FC64002D3F11 /* Messenger */ = {
			isa = PBXNativeTarget;
			buildConfigurationList = 0417B7FF29C5FC65002D3F11 /* Build configuration list for PBXNativeTarget "Messenger" */;
			buildPhases = (
				0417B7E729C5FC64002D3F11 /* Sources */,
				0417B7E829C5FC64002D3F11 /* Frameworks */,
				0417B7E929C5FC64002D3F11 /* Resources */,
			);
			buildRules = (
			);
			dependencies = (
			);
			name = Messenger;
			packageProductDependencies = (
				04FBBC8429C70C86000E3862 /* FirebaseAuth */,
				04FBBC8629C70C86000E3862 /* FirebaseDatabase */,
				047E2DCA29C826720088BD88 /* MessageKit */,
				047E2DCD29C826FB0088BD88 /* JGProgressHUD */,
				047E2DD029C828B70088BD88 /* Realm */,
				04C947AD29E4166A00156C9D /* SDWebImage */,
				04F71D0129E43D7000FC1B22 /* FirebaseStorage */,
			);
			productName = Messenger;
			productReference = 0417B7EB29C5FC64002D3F11 /* Messenger.app */;
			productType = "com.apple.product-type.application";
		};
/* End PBXNativeTarget section */

/* Begin PBXProject section */
		0417B7E329C5FC64002D3F11 /* Project object */ = {
			isa = PBXProject;
			attributes = {
				BuildIndependentTargetsInParallel = 1;
				LastSwiftUpdateCheck = 1420;
				LastUpgradeCheck = 1420;
				TargetAttributes = {
					0417B7EA29C5FC64002D3F11 = {
						CreatedOnToolsVersion = 14.2;
					};
				};
			};
			buildConfigurationList = 0417B7E629C5FC64002D3F11 /* Build configuration list for PBXProject "Messenger" */;
			compatibilityVersion = "Xcode 14.0";
			developmentRegion = en;
			hasScannedForEncodings = 0;
			knownRegions = (
				en,
				Base,
			);
			mainGroup = 0417B7E229C5FC64002D3F11;
			packageReferences = (
				04FBBC8329C70C86000E3862 /* XCRemoteSwiftPackageReference "firebase-ios-sdk" */,
				047E2DC929C826710088BD88 /* XCRemoteSwiftPackageReference "MessageKit" */,
				047E2DCC29C826FB0088BD88 /* XCRemoteSwiftPackageReference "JGProgressHUD" */,
				047E2DCF29C828B70088BD88 /* XCRemoteSwiftPackageReference "realm-swift" */,
				04C947AC29E4166A00156C9D /* XCRemoteSwiftPackageReference "SDWebImage" */,
			);
			productRefGroup = 0417B7EC29C5FC64002D3F11 /* Products */;
			projectDirPath = "";
			projectRoot = "";
			targets = (
				0417B7EA29C5FC64002D3F11 /* Messenger */,
			);
		};
/* End PBXProject section */

/* Begin PBXResourcesBuildPhase section */
		0417B7E929C5FC64002D3F11 /* Resources */ = {
			isa = PBXResourcesBuildPhase;
			buildActionMask = 2147483647;
			files = (
				0417B7FB29C5FC65002D3F11 /* LaunchScreen.storyboard in Resources */,
				0417B7F829C5FC65002D3F11 /* Assets.xcassets in Resources */,
				0417B7F629C5FC64002D3F11 /* Main.storyboard in Resources */,
				04C26A8C29C722D0002D2826 /* GoogleService-Info.plist in Resources */,
			);
			runOnlyForDeploymentPostprocessing = 0;
		};
/* End PBXResourcesBuildPhase section */

/* Begin PBXSourcesBuildPhase section */
		0417B7E729C5FC64002D3F11 /* Sources */ = {
			isa = PBXSourcesBuildPhase;
			buildActionMask = 2147483647;
			files = (
				0417B80929C5FF4F002D3F11 /* LoginViewController.swift in Sources */,
				04C26A8E29C728D6002D2826 /* DatabaseManager.swift in Sources */,
				0417B80B29C5FF69002D3F11 /* RegisterViewController.swift in Sources */,
				0417B81129C5FFDF002D3F11 /* NewConversationViewController.swift in Sources */,
				0417B7F329C5FC64002D3F11 /* ConversationsViewController.swift in Sources */,
				0417B80F29C5FFAD002D3F11 /* VideoPlayerViewController.swift in Sources */,
				0417B81929C6F47D002D3F11 /* Extensions.swift in Sources */,
				0417B7EF29C5FC64002D3F11 /* AppDelegate.swift in Sources */,
				0417B81329C60001002D3F11 /* ProfileViewController.swift in Sources */,
				0417B7F129C5FC64002D3F11 /* SceneDelegate.swift in Sources */,
				0463F0942A4AAE6A00B3764D /* ConversationTableViewCell.swift in Sources */,
				04C947B029E41C3200156C9D /* ChatViewController.swift in Sources */,
				0417B80D29C5FF96002D3F11 /* PhotoViewerViewController.swift in Sources */,
				04F71D0429E4469000FC1B22 /* StorageManager.swift in Sources */,
			);
			runOnlyForDeploymentPostprocessing = 0;
		};
/* End PBXSourcesBuildPhase section */

/* Begin PBXVariantGroup section */
		0417B7F429C5FC64002D3F11 /* Main.storyboard */ = {
			isa = PBXVariantGroup;
			children = (
				0417B7F529C5FC64002D3F11 /* Base */,
			);
			name = Main.storyboard;
			sourceTree = "<group>";
		};
		0417B7F929C5FC65002D3F11 /* LaunchScreen.storyboard */ = {
			isa = PBXVariantGroup;
			children = (
				0417B7FA29C5FC65002D3F11 /* Base */,
			);
			name = LaunchScreen.storyboard;
			sourceTree = "<group>";
		};
/* End PBXVariantGroup section */

/* Begin XCBuildConfiguration section */
		0417B7FD29C5FC65002D3F11 /* Debug */ = {
			isa = XCBuildConfiguration;
			buildSettings = {
				ALWAYS_SEARCH_USER_PATHS = NO;
				CLANG_ANALYZER_NONNULL = YES;
				CLANG_ANALYZER_NUMBER_OBJECT_CONVERSION = YES_AGGRESSIVE;
				CLANG_CXX_LANGUAGE_STANDARD = "gnu++20";
				CLANG_ENABLE_MODULES = YES;
				CLANG_ENABLE_OBJC_ARC = YES;
				CLANG_ENABLE_OBJC_WEAK = YES;
				CLANG_WARN_BLOCK_CAPTURE_AUTORELEASING = YES;
				CLANG_WARN_BOOL_CONVERSION = YES;
				CLANG_WARN_COMMA = YES;
				CLANG_WARN_CONSTANT_CONVERSION = YES;
				CLANG_WARN_DEPRECATED_OBJC_IMPLEMENTATIONS = YES;
				CLANG_WARN_DIRECT_OBJC_ISA_USAGE = YES_ERROR;
				CLANG_WARN_DOCUMENTATION_COMMENTS = YES;
				CLANG_WARN_EMPTY_BODY = YES;
				CLANG_WARN_ENUM_CONVERSION = YES;
				CLANG_WARN_INFINITE_RECURSION = YES;
				CLANG_WARN_INT_CONVERSION = YES;
				CLANG_WARN_NON_LITERAL_NULL_CONVERSION = YES;
				CLANG_WARN_OBJC_IMPLICIT_RETAIN_SELF = YES;
				CLANG_WARN_OBJC_LITERAL_CONVERSION = YES;
				CLANG_WARN_OBJC_ROOT_CLASS = YES_ERROR;
				CLANG_WARN_QUOTED_INCLUDE_IN_FRAMEWORK_HEADER = YES;
				CLANG_WARN_RANGE_LOOP_ANALYSIS = YES;
				CLANG_WARN_STRICT_PROTOTYPES = YES;
				CLANG_WARN_SUSPICIOUS_MOVE = YES;
				CLANG_WARN_UNGUARDED_AVAILABILITY = YES_AGGRESSIVE;
				CLANG_WARN_UNREACHABLE_CODE = YES;
				CLANG_WARN__DUPLICATE_METHOD_MATCH = YES;
				COPY_PHASE_STRIP = NO;
				DEBUG_INFORMATION_FORMAT = dwarf;
				ENABLE_STRICT_OBJC_MSGSEND = YES;
				ENABLE_TESTABILITY = YES;
				GCC_C_LANGUAGE_STANDARD = gnu11;
				GCC_DYNAMIC_NO_PIC = NO;
				GCC_NO_COMMON_BLOCKS = YES;
				GCC_OPTIMIZATION_LEVEL = 0;
				GCC_PREPROCESSOR_DEFINITIONS = (
					"DEBUG=1",
					"$(inherited)",
				);
				GCC_WARN_64_TO_32_BIT_CONVERSION = YES;
				GCC_WARN_ABOUT_RETURN_TYPE = YES_ERROR;
				GCC_WARN_UNDECLARED_SELECTOR = YES;
				GCC_WARN_UNINITIALIZED_AUTOS = YES_AGGRESSIVE;
				GCC_WARN_UNUSED_FUNCTION = YES;
				GCC_WARN_UNUSED_VARIABLE = YES;
				IPHONEOS_DEPLOYMENT_TARGET = 16.2;
				MTL_ENABLE_DEBUG_INFO = INCLUDE_SOURCE;
				MTL_FAST_MATH = YES;
				ONLY_ACTIVE_ARCH = YES;
				SDKROOT = iphoneos;
				SWIFT_ACTIVE_COMPILATION_CONDITIONS = DEBUG;
				SWIFT_OPTIMIZATION_LEVEL = "-Onone";
			};
			name = Debug;
		};
		0417B7FE29C5FC65002D3F11 /* Release */ = {
			isa = XCBuildConfiguration;
			buildSettings = {
				ALWAYS_SEARCH_USER_PATHS = NO;
				CLANG_ANALYZER_NONNULL = YES;
				CLANG_ANALYZER_NUMBER_OBJECT_CONVERSION = YES_AGGRESSIVE;
				CLANG_CXX_LANGUAGE_STANDARD = "gnu++20";
				CLANG_ENABLE_MODULES = YES;
				CLANG_ENABLE_OBJC_ARC = YES;
				CLANG_ENABLE_OBJC_WEAK = YES;
				CLANG_WARN_BLOCK_CAPTURE_AUTORELEASING = YES;
				CLANG_WARN_BOOL_CONVERSION = YES;
				CLANG_WARN_COMMA = YES;
				CLANG_WARN_CONSTANT_CONVERSION = YES;
				CLANG_WARN_DEPRECATED_OBJC_IMPLEMENTATIONS = YES;
				CLANG_WARN_DIRECT_OBJC_ISA_USAGE = YES_ERROR;
				CLANG_WARN_DOCUMENTATION_COMMENTS = YES;
				CLANG_WARN_EMPTY_BODY = YES;
				CLANG_WARN_ENUM_CONVERSION = YES;
				CLANG_WARN_INFINITE_RECURSION = YES;
				CLANG_WARN_INT_CONVERSION = YES;
				CLANG_WARN_NON_LITERAL_NULL_CONVERSION = YES;
				CLANG_WARN_OBJC_IMPLICIT_RETAIN_SELF = YES;
				CLANG_WARN_OBJC_LITERAL_CONVERSION = YES;
				CLANG_WARN_OBJC_ROOT_CLASS = YES_ERROR;
				CLANG_WARN_QUOTED_INCLUDE_IN_FRAMEWORK_HEADER = YES;
				CLANG_WARN_RANGE_LOOP_ANALYSIS = YES;
				CLANG_WARN_STRICT_PROTOTYPES = YES;
				CLANG_WARN_SUSPICIOUS_MOVE = YES;
				CLANG_WARN_UNGUARDED_AVAILABILITY = YES_AGGRESSIVE;
				CLANG_WARN_UNREACHABLE_CODE = YES;
				CLANG_WARN__DUPLICATE_METHOD_MATCH = YES;
				COPY_PHASE_STRIP = NO;
				DEBUG_INFORMATION_FORMAT = "dwarf-with-dsym";
				ENABLE_NS_ASSERTIONS = NO;
				ENABLE_STRICT_OBJC_MSGSEND = YES;
				GCC_C_LANGUAGE_STANDARD = gnu11;
				GCC_NO_COMMON_BLOCKS = YES;
				GCC_WARN_64_TO_32_BIT_CONVERSION = YES;
				GCC_WARN_ABOUT_RETURN_TYPE = YES_ERROR;
				GCC_WARN_UNDECLARED_SELECTOR = YES;
				GCC_WARN_UNINITIALIZED_AUTOS = YES_AGGRESSIVE;
				GCC_WARN_UNUSED_FUNCTION = YES;
				GCC_WARN_UNUSED_VARIABLE = YES;
				IPHONEOS_DEPLOYMENT_TARGET = 16.2;
				MTL_ENABLE_DEBUG_INFO = NO;
				MTL_FAST_MATH = YES;
				SDKROOT = iphoneos;
				SWIFT_COMPILATION_MODE = wholemodule;
				SWIFT_OPTIMIZATION_LEVEL = "-O";
				VALIDATE_PRODUCT = YES;
			};
			name = Release;
		};
		0417B80029C5FC65002D3F11 /* Debug */ = {
			isa = XCBuildConfiguration;
			buildSettings = {
				ASSETCATALOG_COMPILER_APPICON_NAME = AppIcon;
				ASSETCATALOG_COMPILER_GLOBAL_ACCENT_COLOR_NAME = AccentColor;
				CODE_SIGN_STYLE = Automatic;
				CURRENT_PROJECT_VERSION = 1;
				DEVELOPMENT_TEAM = 3NDPBHQ9PJ;
				GENERATE_INFOPLIST_FILE = YES;
				INFOPLIST_FILE = Messenger/Info.plist;
				INFOPLIST_KEY_UIApplicationSupportsIndirectInputEvents = YES;
				INFOPLIST_KEY_UILaunchStoryboardName = LaunchScreen;
				INFOPLIST_KEY_UIMainStoryboardFile = Main;
				INFOPLIST_KEY_UISupportedInterfaceOrientations = UIInterfaceOrientationPortrait;
				INFOPLIST_KEY_UISupportedInterfaceOrientations_iPad = "UIInterfaceOrientationPortrait UIInterfaceOrientationPortraitUpsideDown";
				IPHONEOS_DEPLOYMENT_TARGET = 14.5;
				LD_RUNPATH_SEARCH_PATHS = (
					"$(inherited)",
					"@executable_path/Frameworks",
				);
				MARKETING_VERSION = 1.0;
				PRODUCT_BUNDLE_IDENTIFIER = com.arturDokhno.Messenger;
				PRODUCT_NAME = "$(TARGET_NAME)";
				SUPPORTED_PLATFORMS = "iphoneos iphonesimulator";
				SUPPORTS_MACCATALYST = NO;
				SUPPORTS_MAC_DESIGNED_FOR_IPHONE_IPAD = NO;
				SWIFT_EMIT_LOC_STRINGS = YES;
				SWIFT_VERSION = 5.0;
				TARGETED_DEVICE_FAMILY = "1,2";
			};
			name = Debug;
		};
		0417B80129C5FC65002D3F11 /* Release */ = {
			isa = XCBuildConfiguration;
			buildSettings = {
				ASSETCATALOG_COMPILER_APPICON_NAME = AppIcon;
				ASSETCATALOG_COMPILER_GLOBAL_ACCENT_COLOR_NAME = AccentColor;
				CODE_SIGN_STYLE = Automatic;
				CURRENT_PROJECT_VERSION = 1;
				DEVELOPMENT_TEAM = 3NDPBHQ9PJ;
				GENERATE_INFOPLIST_FILE = YES;
				INFOPLIST_FILE = Messenger/Info.plist;
				INFOPLIST_KEY_UIApplicationSupportsIndirectInputEvents = YES;
				INFOPLIST_KEY_UILaunchStoryboardName = LaunchScreen;
				INFOPLIST_KEY_UIMainStoryboardFile = Main;
				INFOPLIST_KEY_UISupportedInterfaceOrientations = UIInterfaceOrientationPortrait;
				INFOPLIST_KEY_UISupportedInterfaceOrientations_iPad = "UIInterfaceOrientationPortrait UIInterfaceOrientationPortraitUpsideDown";
				IPHONEOS_DEPLOYMENT_TARGET = 14.5;
				LD_RUNPATH_SEARCH_PATHS = (
					"$(inherited)",
					"@executable_path/Frameworks",
				);
				MARKETING_VERSION = 1.0;
				PRODUCT_BUNDLE_IDENTIFIER = com.arturDokhno.Messenger;
				PRODUCT_NAME = "$(TARGET_NAME)";
				SUPPORTED_PLATFORMS = "iphoneos iphonesimulator";
				SUPPORTS_MACCATALYST = NO;
				SUPPORTS_MAC_DESIGNED_FOR_IPHONE_IPAD = NO;
				SWIFT_EMIT_LOC_STRINGS = YES;
				SWIFT_VERSION = 5.0;
				TARGETED_DEVICE_FAMILY = "1,2";
			};
			name = Release;
		};
/* End XCBuildConfiguration section */

/* Begin XCConfigurationList section */
		0417B7E629C5FC64002D3F11 /* Build configuration list for PBXProject "Messenger" */ = {
			isa = XCConfigurationList;
			buildConfigurations = (
				0417B7FD29C5FC65002D3F11 /* Debug */,
				0417B7FE29C5FC65002D3F11 /* Release */,
			);
			defaultConfigurationIsVisible = 0;
			defaultConfigurationName = Release;
		};
		0417B7FF29C5FC65002D3F11 /* Build configuration list for PBXNativeTarget "Messenger" */ = {
			isa = XCConfigurationList;
			buildConfigurations = (
				0417B80029C5FC65002D3F11 /* Debug */,
				0417B80129C5FC65002D3F11 /* Release */,
			);
			defaultConfigurationIsVisible = 0;
			defaultConfigurationName = Release;
		};
/* End XCConfigurationList section */

/* Begin XCRemoteSwiftPackageReference section */
		047E2DC929C826710088BD88 /* XCRemoteSwiftPackageReference "MessageKit" */ = {
			isa = XCRemoteSwiftPackageReference;
			repositoryURL = "https://github.com/MessageKit/MessageKit";
			requirement = {
				kind = upToNextMajorVersion;
				minimumVersion = 4.0.0;
			};
		};
		047E2DCC29C826FB0088BD88 /* XCRemoteSwiftPackageReference "JGProgressHUD" */ = {
			isa = XCRemoteSwiftPackageReference;
			repositoryURL = "https://github.com/JonasGessner/JGProgressHUD.git";
			requirement = {
				kind = upToNextMajorVersion;
				minimumVersion = 2.0.0;
			};
		};
		047E2DCF29C828B70088BD88 /* XCRemoteSwiftPackageReference "realm-swift" */ = {
			isa = XCRemoteSwiftPackageReference;
			repositoryURL = "https://github.com/realm/realm-swift.git";
			requirement = {
				branch = master;
				kind = branch;
			};
		};
		04C947AC29E4166A00156C9D /* XCRemoteSwiftPackageReference "SDWebImage" */ = {
			isa = XCRemoteSwiftPackageReference;
			repositoryURL = "https://github.com/SDWebImage/SDWebImage";
			requirement = {
				kind = upToNextMajorVersion;
				minimumVersion = 5.0.0;
			};
		};
		04FBBC8329C70C86000E3862 /* XCRemoteSwiftPackageReference "firebase-ios-sdk" */ = {
			isa = XCRemoteSwiftPackageReference;
			repositoryURL = "https://github.com/firebase/firebase-ios-sdk";
			requirement = {
				kind = upToNextMajorVersion;
				minimumVersion = 9.0.0;
			};
		};
/* End XCRemoteSwiftPackageReference section */

/* Begin XCSwiftPackageProductDependency section */
		047E2DCA29C826720088BD88 /* MessageKit */ = {
			isa = XCSwiftPackageProductDependency;
			package = 047E2DC929C826710088BD88 /* XCRemoteSwiftPackageReference "MessageKit" */;
			productName = MessageKit;
		};
		047E2DCD29C826FB0088BD88 /* JGProgressHUD */ = {
			isa = XCSwiftPackageProductDependency;
			package = 047E2DCC29C826FB0088BD88 /* XCRemoteSwiftPackageReference "JGProgressHUD" */;
			productName = JGProgressHUD;
		};
		047E2DD029C828B70088BD88 /* Realm */ = {
			isa = XCSwiftPackageProductDependency;
			package = 047E2DCF29C828B70088BD88 /* XCRemoteSwiftPackageReference "realm-swift" */;
			productName = Realm;
		};
		04C947AD29E4166A00156C9D /* SDWebImage */ = {
			isa = XCSwiftPackageProductDependency;
			package = 04C947AC29E4166A00156C9D /* XCRemoteSwiftPackageReference "SDWebImage" */;
			productName = SDWebImage;
		};
		04F71D0129E43D7000FC1B22 /* FirebaseStorage */ = {
			isa = XCSwiftPackageProductDependency;
			package = 04FBBC8329C70C86000E3862 /* XCRemoteSwiftPackageReference "firebase-ios-sdk" */;
			productName = FirebaseStorage;
		};
		04FBBC8429C70C86000E3862 /* FirebaseAuth */ = {
			isa = XCSwiftPackageProductDependency;
			package = 04FBBC8329C70C86000E3862 /* XCRemoteSwiftPackageReference "firebase-ios-sdk" */;
			productName = FirebaseAuth;
		};
		04FBBC8629C70C86000E3862 /* FirebaseDatabase */ = {
			isa = XCSwiftPackageProductDependency;
			package = 04FBBC8329C70C86000E3862 /* XCRemoteSwiftPackageReference "firebase-ios-sdk" */;
			productName = FirebaseDatabase;
		};
/* End XCSwiftPackageProductDependency section */
	};
	rootObject = 0417B7E329C5FC64002D3F11 /* Project object */;
}
